
Microsoft Visual Studio Solution File, Format Version 12.00
# Visual Studio Version 16
VisualStudioVersion = 16.0.31205.134
MinimumVisualStudioVersion = 10.0.40219.1
Project("{9A19103F-16F7-4668-BE54-9A1E7A4F7556}") = "NaturalLanguageProcessingLibrary", "NaturalLanguageProcessingLibrary\NaturalLanguageProcessingLibrary.csproj", "{642193AC-DCCE-42E3-8542-1A46106B58AE}"
EndProject
Project("{9A19103F-16F7-4668-BE54-9A1E7A4F7556}") = "UnitTests", "UnitTests\UnitTests.csproj", "{6F54F137-05D1-4A80-9B9B-427E22BF90DC}"
EndProject
Global
	GlobalSection(SolutionConfigurationPlatforms) = preSolution
		Debug|Any CPU = Debug|Any CPU
		Release|Any CPU = Release|Any CPU
	EndGlobalSection
	GlobalSection(ProjectConfigurationPlatforms) = postSolution
		{642193AC-DCCE-42E3-8542-1A46106B58AE}.Debug|Any CPU.ActiveCfg = Debug|Any CPU
		{642193AC-DCCE-42E3-8542-1A46106B58AE}.Debug|Any CPU.Build.0 = Debug|Any CPU
		{642193AC-DCCE-42E3-8542-1A46106B58AE}.Release|Any CPU.ActiveCfg = Release|Any CPU
		{642193AC-DCCE-42E3-8542-1A46106B58AE}.Release|Any CPU.Build.0 = Release|Any CPU
		{6F54F137-05D1-4A80-9B9B-427E22BF90DC}.Debug|Any CPU.ActiveCfg = Debug|Any CPU
		{6F54F137-05D1-4A80-9B9B-427E22BF90DC}.Debug|Any CPU.Build.0 = Debug|Any CPU
		{6F54F137-05D1-4A80-9B9B-427E22BF90DC}.Release|Any CPU.ActiveCfg = Release|Any CPU
		{6F54F137-05D1-4A80-9B9B-427E22BF90DC}.Release|Any CPU.Build.0 = Release|Any CPU
	EndGlobalSection
	GlobalSection(SolutionProperties) = preSolution
		HideSolutionNode = FALSE
	EndGlobalSection
	GlobalSection(ExtensibilityGlobals) = postSolution
		SolutionGuid = {FB7EACFE-AEAA-4F16-9144-D7E29C1194C1}
	EndGlobalSection
EndGlobal
